
Microsoft Visual Studio Solution File, Format Version 12.00
# Visual Studio Version 17
VisualStudioVersion = 17.8.34511.84
MinimumVisualStudioVersion = 10.0.40219.1
Project("{9A19103F-16F7-4668-BE54-9A1E7A4F7556}") = "job-quest-dotnet", "job-quest-dotnet\job-quest-dotnet.csproj", "{D3B1F883-B543-4E41-9D90-BC6C1BA005EC}"
EndProject
Project("{FAE04EC0-301F-11D3-BF4B-00C04F79EFBC}") = "job-quest-interface", "job-quest-interface\job-quest-interface.csproj", "{41FF673F-50BE-4A9A-B831-7EF2D838BD84}"
EndProject
Project("{FAE04EC0-301F-11D3-BF4B-00C04F79EFBC}") = "job-quest-implementation", "job-quest-implementation\job-quest-implementation.csproj", "{2C164B4E-0DE2-43B1-B6B9-20E83FFF5EFD}"
EndProject
Global
	GlobalSection(SolutionConfigurationPlatforms) = preSolution
		Debug|Any CPU = Debug|Any CPU
		Release|Any CPU = Release|Any CPU
	EndGlobalSection
	GlobalSection(ProjectConfigurationPlatforms) = postSolution
		{D3B1F883-B543-4E41-9D90-BC6C1BA005EC}.Debug|Any CPU.ActiveCfg = Debug|Any CPU
		{D3B1F883-B543-4E41-9D90-BC6C1BA005EC}.Debug|Any CPU.Build.0 = Debug|Any CPU
		{D3B1F883-B543-4E41-9D90-BC6C1BA005EC}.Release|Any CPU.ActiveCfg = Release|Any CPU
		{D3B1F883-B543-4E41-9D90-BC6C1BA005EC}.Release|Any CPU.Build.0 = Release|Any CPU
		{41FF673F-50BE-4A9A-B831-7EF2D838BD84}.Debug|Any CPU.ActiveCfg = Debug|Any CPU
		{41FF673F-50BE-4A9A-B831-7EF2D838BD84}.Debug|Any CPU.Build.0 = Debug|Any CPU
		{41FF673F-50BE-4A9A-B831-7EF2D838BD84}.Release|Any CPU.ActiveCfg = Release|Any CPU
		{41FF673F-50BE-4A9A-B831-7EF2D838BD84}.Release|Any CPU.Build.0 = Release|Any CPU
		{2C164B4E-0DE2-43B1-B6B9-20E83FFF5EFD}.Debug|Any CPU.ActiveCfg = Debug|Any CPU
		{2C164B4E-0DE2-43B1-B6B9-20E83FFF5EFD}.Debug|Any CPU.Build.0 = Debug|Any CPU
		{2C164B4E-0DE2-43B1-B6B9-20E83FFF5EFD}.Release|Any CPU.ActiveCfg = Release|Any CPU
		{2C164B4E-0DE2-43B1-B6B9-20E83FFF5EFD}.Release|Any CPU.Build.0 = Release|Any CPU
	EndGlobalSection
	GlobalSection(SolutionProperties) = preSolution
		HideSolutionNode = FALSE
	EndGlobalSection
	GlobalSection(ExtensibilityGlobals) = postSolution
		SolutionGuid = {54259A65-E1B1-44B3-B31A-28A37B0748D4}
	EndGlobalSection
EndGlobal
